%{
  "accept": {:hex, :accept, "0.3.3", "548ebb6fb2e8b0d170e75bb6123aea6ceecb0189bb1231eeadf52eac08384a97", [:rebar3], []},
  "cachex": {:hex, :cachex, "3.0.3", "4e2d3e05814a5738f5ff3903151d5c25636d72a3527251b753f501ad9c657967", [], [{:eternal, "~> 1.2", [hex: :eternal, repo: "hexpm", optional: false]}, {:unsafe, "~> 1.0", [hex: :unsafe, repo: "hexpm", optional: false]}], "hexpm"},
  "check_up": {:git, "https://github.com/lonelyplanet/check_up.git", "e603e10f103a8e8c7a33444a7c299a07663e6b54", []},
  "decimal": {:hex, :decimal, "1.4.1", "ad9e501edf7322f122f7fc151cce7c2a0c9ada96f2b0155b8a09a795c2029770", [], [], "hexpm"},
  "ecto": {:hex, :ecto, "2.2.7", "2074106ff4a5cd9cb2b54b12ca087c4b659ddb3f6b50be4562883c1d763fb031", [], [{:db_connection, "~> 1.1", [hex: :db_connection, repo: "hexpm", optional: true]}, {:decimal, "~> 1.2", [hex: :decimal, repo: "hexpm", optional: false]}, {:mariaex, "~> 0.8.0", [hex: :mariaex, repo: "hexpm", optional: true]}, {:poison, "~> 2.2 or ~> 3.0", [hex: :poison, repo: "hexpm", optional: true]}, {:poolboy, "~> 1.5", [hex: :poolboy, repo: "hexpm", optional: false]}, {:postgrex, "~> 0.13.0", [hex: :postgrex, repo: "hexpm", optional: true]}, {:sbroker, "~> 1.0", [hex: :sbroker, repo: "hexpm", optional: true]}], "hexpm"},
  "eternal": {:hex, :eternal, "1.2.0", "e2a6b6ce3b8c248f7dc31451aefca57e3bdf0e48d73ae5043229380a67614c41", [], [], "hexpm"},
  "httpotion": {:hex, :httpotion, "3.0.2", "525b9bfeb592c914a61a8ee31fdde3871e1861dfe805f8ee5f711f9f11a93483", [:mix], [{:ibrowse, "~> 4.2", [hex: :ibrowse, optional: false]}]},
  "ibrowse": {:hex, :ibrowse, "4.4.0", "2d923325efe0d2cb09b9c6a047b2835a5eda69d8a47ed6ff8bc03628b764e991", [:rebar3], []},
  "logster": {:hex, :logster, "0.6.0", "92e143f661b513951bafdb4330bb3a8f3a95deb9dbbb90fcd7a85bd667f5f825", [:mix], [{:plug, "~> 1.0", [hex: :plug, optional: false]}, {:poison, "~> 1.5 or ~> 2.0 or ~> 3.0", [hex: :poison, optional: false]}]},
  "mime": {:hex, :mime, "1.1.0", "01c1d6f4083d8aa5c7b8c246ade95139620ef8effb009edde934e0ec3b28090a", [:mix], []},
  "op_auth": {:git, "https://github.com/lonelyplanet/op-auth.git", "454b26753930fcd20f5fc746dc4dffbea46f0a69", []},
  "plug": {:hex, :plug, "1.3.5", "7503bfcd7091df2a9761ef8cecea666d1f2cc454cbbaf0afa0b6e259203b7031", [:mix], [{:cowboy, "~> 1.0.1 or ~> 1.1", [hex: :cowboy, optional: true]}, {:mime, "~> 1.0", [hex: :mime, optional: false]}]},
  "poison": {:hex, :poison, "2.2.0", "4763b69a8a77bd77d26f477d196428b741261a761257ff1cf92753a0d4d24a63", [:mix], []},
  "poolboy": {:hex, :poolboy, "1.5.1", "6b46163901cfd0a1b43d692657ed9d7e599853b3b21b95ae5ae0a777cf9b6ca8", [], [], "hexpm"},
  "prometheus": {:hex, :prometheus, "3.3.1", "bc680e9d7aa53cbc1b554093968718d25ba264cd936840b24278e1cb77b97225", [:mix, :rebar3], []},
  "prometheus_ex": {:hex, :prometheus_ex, "1.3.0", "eddc8cc9e384fcf20c4d42f71e539b49705bb44f95f5e1b19b967fad92c63526", [:mix], [{:prometheus, "~> 3.3", [hex: :prometheus, optional: false]}]},
  "prometheus_plugs": {:hex, :prometheus_plugs, "1.1.3", "53bb8cb31121e4491928ed56c0346a7a7571c830e9abdcd3205f09c65c0256c7", [:mix], [{:accept, "~> 0.1", [hex: :accept, optional: false]}, {:plug, "~> 1.0", [hex: :plug, optional: false]}, {:prometheus_ex, "~> 1.1", [hex: :prometheus_ex, optional: false]}, {:prometheus_process_collector, "~> 1.0.0", [hex: :prometheus_process_collector, optional: true]}]},
  "retry": {:hex, :retry, "0.8.2", "7b57bd5e1e7efeca04dd740cabdc3930c472cfa7e0186949de180c64417e9c35", [], [], "hexpm"},
  "unsafe": {:hex, :unsafe, "1.0.0", "7c21742cd05380c7875546b023481d3a26f52df8e5dfedcb9f958f322baae305", [], [], "hexpm"},
}
